{"1.2.0",
[{<<"getopt">>,{pkg,<<"getopt">>,<<"1.0.1">>},0},
 {<<"jsone">>,{pkg,<<"jsone">>,<<"1.5.0">>},0},
 {<<"poolboy">>,{pkg,<<"poolboy">>,<<"1.5.2">>},0},
 {<<"redbug">>,{pkg,<<"redbug">>,<<"2.0.0">>},0}]}.
[
{pkg_hash,[
 {<<"getopt">>, <<"C73A9FA687B217F2FF79F68A3B637711BB1936E712B521D8CE466B29CBF7808A">>},
 {<<"jsone">>, <<"410F5208BCAE541BF941B3F2756E5BB5A4C8694D7FFD6B34B909AE88262629C0">>},
 {<<"poolboy">>, <<"392B007A1693A64540CEAD79830443ABF5762F5D30CF50BC95CB2C1AAAFA006B">>},
 {<<"redbug">>, <<"08289B8AC968B797AB529C027AFD0FC9E6CB83D098797668BED8D9AF8A848F31">>}]},
{pkg_hash_ext,[
 {<<"getopt">>, <<"53E1AB83B9CEB65C9672D3E7A35B8092E9BDC9B3EE80721471A161C10C59959C">>},
 {<<"jsone">>, <<"2D3E282F72C4E1A4C3A43F61F927B214CAED26AC761B605A14E40A8461260DA6">>},
 {<<"poolboy">>, <<"DAD79704CE5440F3D5A3681C8590B9DC25D1A561E8F5A9C995281012860901E3">>},
 {<<"redbug">>, <<"E114E2FE20C81DFE1D94C8150677C01CC55BDFF161E842869BF87C4D0543AB5B">>}]}
].
