{"1.2.0",
[{<<"getopt">>,{pkg,<<"getopt">>,<<"1.0.1">>},0},
 {<<"goldrush">>,{pkg,<<"goldrush">>,<<"0.1.9">>},1},
 {<<"jsone">>,{pkg,<<"jsone">>,<<"1.5.0">>},0},
 {<<"lager">>,{pkg,<<"lager">>,<<"3.7.0">>},0},
 {<<"redbug">>,{pkg,<<"redbug">>,<<"2.0.0">>},0}]}.
[
{pkg_hash,[
 {<<"getopt">>, <<"C73A9FA687B217F2FF79F68A3B637711BB1936E712B521D8CE466B29CBF7808A">>},
 {<<"goldrush">>, <<"F06E5D5F1277DA5C413E84D5A2924174182FB108DABB39D5EC548B27424CD106">>},
 {<<"jsone">>, <<"410F5208BCAE541BF941B3F2756E5BB5A4C8694D7FFD6B34B909AE88262629C0">>},
 {<<"lager">>, <<"563AB17CD32134A3DD17EC3B3622E6D8F827506AA4F8C489158879BED87D980B">>},
 {<<"redbug">>, <<"08289B8AC968B797AB529C027AFD0FC9E6CB83D098797668BED8D9AF8A848F31">>}]},
{pkg_hash_ext,[
 {<<"getopt">>, <<"53E1AB83B9CEB65C9672D3E7A35B8092E9BDC9B3EE80721471A161C10C59959C">>},
 {<<"goldrush">>, <<"99CB4128CFFCB3227581E5D4D803D5413FA643F4EB96523F77D9E6937D994CEB">>},
 {<<"jsone">>, <<"2D3E282F72C4E1A4C3A43F61F927B214CAED26AC761B605A14E40A8461260DA6">>},
 {<<"lager">>, <<"97DC7E1C9E7289C3167F417E71FFE1DF28218537967E076800ECEDB1C28C9E48">>},
 {<<"redbug">>, <<"E114E2FE20C81DFE1D94C8150677C01CC55BDFF161E842869BF87C4D0543AB5B">>}]}
].
